{
  "nodes": {
    "doom-emacs": {
      "flake": false,
      "locked": {
        "lastModified": 1642165074,
        "narHash": "sha256-Sl8/Pmq+AZ4y1U0/96Ka/BXRroBDoW1VXQKUKEAyuaA=",
        "owner": "hlissner",
        "repo": "doom-emacs",
        "rev": "35865ef5e89442e3809b8095199977053dd4210f",
        "type": "github"
      },
      "original": {
        "owner": "hlissner",
        "ref": "develop",
        "repo": "doom-emacs",
        "type": "github"
      }
    },
    "emacs-overlay": {
      "locked": {
        "lastModified": 1651750171,
        "narHash": "sha256-IltysR3/0qLKrhbnUwdLbwFPv26Q9gvxuzqx1h/G/jQ=",
        "owner": "nix-community",
        "repo": "emacs-overlay",
        "rev": "4e0481c777deab3f01cb5a6bdddffd49321ea1a3",
        "type": "github"
      },
      "original": {
        "owner": "nix-community",
        "repo": "emacs-overlay",
        "type": "github"
      }
    },
    "gotools": {
      "flake": false,
      "locked": {
        "lastModified": 1651705121,
        "narHash": "sha256-M/jyy0ObZKBoVcpl8EPZAkWvv6QVNIvi4PblICIFAMM=",
        "ref": "master",
        "rev": "45c8a7131235ef5754f4d78a88406baa4a8fa11e",
        "revCount": 6494,
        "type": "git",
        "url": "https://go.googlesource.com/tools"
      },
      "original": {
        "type": "git",
        "url": "https://go.googlesource.com/tools"
      }
    },
    "home-manager": {
      "inputs": {
        "nixpkgs": "nixpkgs"
      },
      "locked": {
        "lastModified": 1651652192,
        "narHash": "sha256-3FUsIJ81p57rOxODRVZ+anhnVav96VWbgNA1H3Np+TY=",
        "owner": "nix-community",
        "repo": "home-manager",
        "rev": "267462dfb36d447421c789a3adf9d460cd09c147",
        "type": "github"
      },
      "original": {
        "owner": "nix-community",
        "repo": "home-manager",
        "type": "github"
      }
    },
    "nixpkgs": {
      "locked": {
        "lastModified": 1651690927,
        "narHash": "sha256-ejcIWou5r+0d84IYWgiPJrNPEGaszP9ZNu2/+JdXPx4=",
        "owner": "NixOS",
        "repo": "nixpkgs",
        "rev": "b4cc9cd38f05f1a764e21bfb1b14e89be76068b0",
        "type": "github"
      },
      "original": {
        "id": "nixpkgs",
        "type": "indirect"
      }
    },
    "nixpkgs-discord": {
      "locked": {
        "lastModified": 1651697146,
        "narHash": "sha256-xGF1+SiK8+/CfS0NE2oILbc9SOB8ZurRtHkYKdffBvc=",
        "owner": "nixos",
        "repo": "nixpkgs",
        "rev": "ab0bd3aff91e64bbeab321b5a182ca24428de937",
        "type": "github"
      },
      "original": {
        "owner": "nixos",
        "ref": "nixos-unstable-small",
        "repo": "nixpkgs",
        "type": "github"
      }
    },
    "nixpkgs_2": {
      "locked": {
        "lastModified": 1651558728,
        "narHash": "sha256-8HzyRnWlgZluUrVFNOfZAOlA1fghpOSezXvxhalGMUo=",
        "owner": "nixos",
        "repo": "nixpkgs",
        "rev": "cbe587c735b734405f56803e267820ee1559e6c1",
        "type": "github"
      },
      "original": {
        "owner": "nixos",
        "ref": "nixos-unstable",
        "repo": "nixpkgs",
        "type": "github"
      }
    },
    "root": {
      "inputs": {
        "doom-emacs": "doom-emacs",
        "emacs-overlay": "emacs-overlay",
        "gotools": "gotools",
        "home-manager": "home-manager",
        "nixpkgs": "nixpkgs_2",
        "nixpkgs-discord": "nixpkgs-discord",
        "sops-nix": "sops-nix",
        "stumpwm": "stumpwm"
      }
    },
    "sops-nix": {
      "inputs": {
        "nixpkgs": [
          "nixpkgs"
        ]
      },
      "locked": {
        "lastModified": 1649756291,
        "narHash": "sha256-KTll8bCINAzIUGaaMrbn9wb5nfhkXRLgmFrWGR/Dku0=",
        "owner": "Mic92",
        "repo": "sops-nix",
        "rev": "c2614c4fe61943b3d280ac1892fcebe6e8eaf8c8",
        "type": "github"
      },
      "original": {
        "owner": "Mic92",
        "repo": "sops-nix",
        "type": "github"
      }
    },
    "stumpwm": {
      "flake": false,
      "locked": {
        "lastModified": 1651449475,
        "narHash": "sha256-Cn9wmHFXSXv37DQjozmgV2YgxPkONiZmvzyvPeaXGMI=",
        "owner": "stumpwm",
        "repo": "stumpwm",
        "rev": "0cc4d4f56bdb31f52e9e3b493e9839a23b55204a",
        "type": "github"
      },
      "original": {
        "owner": "stumpwm",
        "ref": "master",
        "repo": "stumpwm",
        "type": "github"
      }
    }
  },
  "root": "root",
  "version": 7
}
