{
  "nodes": {
    "doom-emacs": {
      "flake": false,
      "locked": {
        "lastModified": 1642165074,
        "narHash": "sha256-Sl8/Pmq+AZ4y1U0/96Ka/BXRroBDoW1VXQKUKEAyuaA=",
        "owner": "hlissner",
        "repo": "doom-emacs",
        "rev": "35865ef5e89442e3809b8095199977053dd4210f",
        "type": "github"
      },
      "original": {
        "owner": "hlissner",
        "ref": "develop",
        "repo": "doom-emacs",
        "type": "github"
      }
    },
    "emacs-overlay": {
      "locked": {
        "lastModified": 1646240816,
        "narHash": "sha256-QUqdgUTq4QDnww6+WYUu/RbSviNAecmzpwrDC6YZPo8=",
        "owner": "nix-community",
        "repo": "emacs-overlay",
        "rev": "c29dcbf0fe560594738e195680343666e7cfcfdf",
        "type": "github"
      },
      "original": {
        "owner": "nix-community",
        "repo": "emacs-overlay",
        "type": "github"
      }
    },
    "gomodifytags": {
      "flake": false,
      "locked": {
        "lastModified": 1632338043,
        "narHash": "sha256-prr34frdKUrPkotN2C31E9Ivxq+6sAF2icnq3WqyE/o=",
        "owner": "fatih",
        "repo": "gomodifytags",
        "rev": "46cec66387fdf90cbc2b9f584d86e9ca8692ad7e",
        "type": "github"
      },
      "original": {
        "owner": "fatih",
        "repo": "gomodifytags",
        "type": "github"
      }
    },
    "gore": {
      "flake": false,
      "locked": {
        "lastModified": 1627547910,
        "narHash": "sha256-uLU4uZaQA9u6BUQZ0Rb4Yqg/oJOZ529gIiOwmmyg05A=",
        "owner": "motemen",
        "repo": "gore",
        "rev": "76d29151b81f4d7dcebd4e70cc453b0f006d6768",
        "type": "github"
      },
      "original": {
        "owner": "motemen",
        "ref": "main",
        "repo": "gore",
        "type": "github"
      }
    },
    "gotests": {
      "flake": false,
      "locked": {
        "lastModified": 1621798522,
        "narHash": "sha256-/23DWiw8bQqf49/8KEKe/z8w7FC+yjbDr29bjrGQd7w=",
        "owner": "cweill",
        "repo": "gotests",
        "rev": "16a93f6eb6519118b1d282e2f233596a98dd7e96",
        "type": "github"
      },
      "original": {
        "owner": "cweill",
        "ref": "develop",
        "repo": "gotests",
        "type": "github"
      }
    },
    "gotools": {
      "flake": false,
      "locked": {
        "lastModified": 1646263503,
        "narHash": "sha256-9Ndaerk/R/7XKgH42xRtfvqjAYXqM8yDbYFENnkst08=",
        "ref": "master",
        "rev": "09e02016f1839613732cb34fd76955c052336309",
        "revCount": 6348,
        "type": "git",
        "url": "https://go.googlesource.com/tools"
      },
      "original": {
        "type": "git",
        "url": "https://go.googlesource.com/tools"
      }
    },
    "home-manager": {
      "inputs": {
        "nixpkgs": "nixpkgs"
      },
      "locked": {
        "lastModified": 1645970334,
        "narHash": "sha256-6nn4YF9bPtkxkB7bM6yJO3m//p3sGilxNQFjm1epLEM=",
        "owner": "nix-community",
        "repo": "home-manager",
        "rev": "ea85f4b1fdf3f25cf97dc49f4a9ec4eafda2ea25",
        "type": "github"
      },
      "original": {
        "owner": "nix-community",
        "repo": "home-manager",
        "type": "github"
      }
    },
    "nixpkgs": {
      "locked": {
        "lastModified": 1646121518,
        "narHash": "sha256-CgsJPJImnCOvUyTUHoCNaSJk/7Ozv2T1aPwS++O3gkI=",
        "owner": "NixOS",
        "repo": "nixpkgs",
        "rev": "684c73c9e6ac8f4d0c6dea3251292e758ac375b5",
        "type": "github"
      },
      "original": {
        "id": "nixpkgs",
        "type": "indirect"
      }
    },
    "nixpkgs-discord": {
      "locked": {
        "lastModified": 1646258996,
        "narHash": "sha256-7QXoG9ljtdw7E2TwehPa5TVcQWfsysgs1YcX3p7RtU0=",
        "owner": "nixos",
        "repo": "nixpkgs",
        "rev": "d9aa42326fdfb8d04a97b98b5ef0363e5d9f6d48",
        "type": "github"
      },
      "original": {
        "owner": "nixos",
        "ref": "nixos-unstable-small",
        "repo": "nixpkgs",
        "type": "github"
      }
    },
    "nixpkgs_2": {
      "locked": {
        "lastModified": 1646159311,
        "narHash": "sha256-ILKckkiG074t3a0pwaPLjio8zVWgowpEp7AUwI5HjHE=",
        "owner": "nixos",
        "repo": "nixpkgs",
        "rev": "18bd82edcc752d6a0e6cce1401ba0c81353a03ca",
        "type": "github"
      },
      "original": {
        "owner": "nixos",
        "ref": "nixos-unstable",
        "repo": "nixpkgs",
        "type": "github"
      }
    },
    "root": {
      "inputs": {
        "doom-emacs": "doom-emacs",
        "emacs-overlay": "emacs-overlay",
        "gomodifytags": "gomodifytags",
        "gore": "gore",
        "gotests": "gotests",
        "gotools": "gotools",
        "home-manager": "home-manager",
        "nixpkgs": "nixpkgs_2",
        "nixpkgs-discord": "nixpkgs-discord",
        "sops-nix": "sops-nix"
      }
    },
    "sops-nix": {
      "inputs": {
        "nixpkgs": [
          "nixpkgs"
        ]
      },
      "locked": {
        "lastModified": 1645891244,
        "narHash": "sha256-Pu3a97Zn0PpWi/prTyD9TulCmxyeVnlqofor+yScRD8=",
        "owner": "Mic92",
        "repo": "sops-nix",
        "rev": "afb0d686dced029ea720c466f693c12ebfd4107b",
        "type": "github"
      },
      "original": {
        "owner": "Mic92",
        "repo": "sops-nix",
        "type": "github"
      }
    }
  },
  "root": "root",
  "version": 7
}
