{
  "nodes": {
    "doom-emacs": {
      "flake": false,
      "locked": {
        "lastModified": 1639786417,
        "narHash": "sha256-UgrbF/cNv2qJxK2jwrAsPdgeVTRrjCyU40xeMbyi1sI=",
        "owner": "hlissner",
        "repo": "doom-emacs",
        "rev": "af7c1d79bd63d78410aafc410d52ee5c1109ec26",
        "type": "github"
      },
      "original": {
        "owner": "hlissner",
        "ref": "develop",
        "repo": "doom-emacs",
        "type": "github"
      }
    },
    "emacs-overlay": {
      "locked": {
        "lastModified": 1640144434,
        "narHash": "sha256-Yxhrl/X0jRpQ7Fsz5dzMyfxe3LurcYfMkC6m5l/csM0=",
        "owner": "nix-community",
        "repo": "emacs-overlay",
        "rev": "f0d9f153102fa445792e2bf2dcf2fa39b7f41af9",
        "type": "github"
      },
      "original": {
        "owner": "nix-community",
        "repo": "emacs-overlay",
        "type": "github"
      }
    },
    "gomodifytags": {
      "flake": false,
      "locked": {
        "lastModified": 1632338043,
        "narHash": "sha256-prr34frdKUrPkotN2C31E9Ivxq+6sAF2icnq3WqyE/o=",
        "owner": "fatih",
        "repo": "gomodifytags",
        "rev": "46cec66387fdf90cbc2b9f584d86e9ca8692ad7e",
        "type": "github"
      },
      "original": {
        "owner": "fatih",
        "repo": "gomodifytags",
        "type": "github"
      }
    },
    "gore": {
      "flake": false,
      "locked": {
        "lastModified": 1627547910,
        "narHash": "sha256-uLU4uZaQA9u6BUQZ0Rb4Yqg/oJOZ529gIiOwmmyg05A=",
        "owner": "motemen",
        "repo": "gore",
        "rev": "76d29151b81f4d7dcebd4e70cc453b0f006d6768",
        "type": "github"
      },
      "original": {
        "owner": "motemen",
        "ref": "main",
        "repo": "gore",
        "type": "github"
      }
    },
    "gotests": {
      "flake": false,
      "locked": {
        "lastModified": 1621798522,
        "narHash": "sha256-/23DWiw8bQqf49/8KEKe/z8w7FC+yjbDr29bjrGQd7w=",
        "owner": "cweill",
        "repo": "gotests",
        "rev": "16a93f6eb6519118b1d282e2f233596a98dd7e96",
        "type": "github"
      },
      "original": {
        "owner": "cweill",
        "ref": "develop",
        "repo": "gotests",
        "type": "github"
      }
    },
    "gotools": {
      "flake": false,
      "locked": {
        "lastModified": 1639653333,
        "narHash": "sha256-Il8kxjXPcmiqRCkiK99LTSzAXg69bYzVVA0AG2lAwy0=",
        "ref": "master",
        "rev": "8d383106f7e7ea8a4a51f70b452d532c65fe6e3e",
        "revCount": 6215,
        "type": "git",
        "url": "https://go.googlesource.com/tools"
      },
      "original": {
        "type": "git",
        "url": "https://go.googlesource.com/tools"
      }
    },
    "home-manager": {
      "inputs": {
        "nixpkgs": "nixpkgs"
      },
      "locked": {
        "lastModified": 1640126586,
        "narHash": "sha256-Brja0wQZFSl+hduOcBfE/oVPs0QattbILSMHC7/9fEg=",
        "owner": "nix-community",
        "repo": "home-manager",
        "rev": "1b03a8ab7af9385b70b7d7c319c4a31a58c5cfa5",
        "type": "github"
      },
      "original": {
        "owner": "nix-community",
        "repo": "home-manager",
        "type": "github"
      }
    },
    "nixpkgs": {
      "locked": {
        "lastModified": 1640090545,
        "narHash": "sha256-6qiF46uBGoSQmjDTFl8ilT+d1DuK39IRHlj0jE5gqZE=",
        "owner": "NixOS",
        "repo": "nixpkgs",
        "rev": "1dd151f0c0c216f416e9553af08f724a2499c795",
        "type": "github"
      },
      "original": {
        "id": "nixpkgs",
        "type": "indirect"
      }
    },
    "nixpkgs-discord": {
      "locked": {
        "lastModified": 1640053112,
        "narHash": "sha256-7C0UQssCdAMyCNSv8szLJfZ5xYMBr9mh27zYUmo8wHQ=",
        "owner": "nixos",
        "repo": "nixpkgs",
        "rev": "c478eaf416411a7dedf773185b6d5bfc966a80ae",
        "type": "github"
      },
      "original": {
        "owner": "nixos",
        "ref": "nixos-unstable",
        "repo": "nixpkgs",
        "type": "github"
      }
    },
    "nixpkgs_2": {
      "locked": {
        "lastModified": 1640053112,
        "narHash": "sha256-7C0UQssCdAMyCNSv8szLJfZ5xYMBr9mh27zYUmo8wHQ=",
        "owner": "nixos",
        "repo": "nixpkgs",
        "rev": "c478eaf416411a7dedf773185b6d5bfc966a80ae",
        "type": "github"
      },
      "original": {
        "owner": "nixos",
        "ref": "nixos-unstable",
        "repo": "nixpkgs",
        "type": "github"
      }
    },
    "root": {
      "inputs": {
        "doom-emacs": "doom-emacs",
        "emacs-overlay": "emacs-overlay",
        "gomodifytags": "gomodifytags",
        "gore": "gore",
        "gotests": "gotests",
        "gotools": "gotools",
        "home-manager": "home-manager",
        "nixpkgs": "nixpkgs_2",
        "nixpkgs-discord": "nixpkgs-discord",
        "sops-nix": "sops-nix"
      }
    },
    "sops-nix": {
      "inputs": {
        "nixpkgs": [
          "nixpkgs"
        ]
      },
      "locked": {
        "lastModified": 1638821683,
        "narHash": "sha256-oyqALhGijy2ZQxFSACrcC+Z8MzYLiomKCr9FQXVZ47U=",
        "owner": "Mic92",
        "repo": "sops-nix",
        "rev": "afe00100b16648c1d79e62926caacac561df93a5",
        "type": "github"
      },
      "original": {
        "owner": "Mic92",
        "repo": "sops-nix",
        "type": "github"
      }
    }
  },
  "root": "root",
  "version": 7
}
